
Microsoft Visual Studio Solution File, Format Version 12.00
# Visual Studio Version 17
VisualStudioVersion = 17.0.32014.148
MinimumVisualStudioVersion = 10.0.40219.1
Project("{FAE04EC0-301F-11D3-BF4B-00C04F79EFBC}") = "Xamarin_app.Android", "Xamarin_app\Xamarin_app.Android\Xamarin_app.Android.csproj", "{68E0A5F2-272A-44FA-9C49-5C36600B31AE}"
EndProject
Project("{9A19103F-16F7-4668-BE54-9A1E7A4F7556}") = "Xamarin_app", "Xamarin_app\Xamarin_app\Xamarin_app.csproj", "{3FE45928-EE6A-4CEC-952F-2E860DF328D9}"
EndProject
Global
	GlobalSection(SolutionConfigurationPlatforms) = preSolution
		Debug|Any CPU = Debug|Any CPU
		Release|Any CPU = Release|Any CPU
	EndGlobalSection
	GlobalSection(ProjectConfigurationPlatforms) = postSolution
		{68E0A5F2-272A-44FA-9C49-5C36600B31AE}.Debug|Any CPU.ActiveCfg = Debug|Any CPU
		{68E0A5F2-272A-44FA-9C49-5C36600B31AE}.Debug|Any CPU.Build.0 = Debug|Any CPU
		{68E0A5F2-272A-44FA-9C49-5C36600B31AE}.Debug|Any CPU.Deploy.0 = Debug|Any CPU
		{68E0A5F2-272A-44FA-9C49-5C36600B31AE}.Release|Any CPU.ActiveCfg = Release|Any CPU
		{68E0A5F2-272A-44FA-9C49-5C36600B31AE}.Release|Any CPU.Build.0 = Release|Any CPU
		{68E0A5F2-272A-44FA-9C49-5C36600B31AE}.Release|Any CPU.Deploy.0 = Release|Any CPU
		{3FE45928-EE6A-4CEC-952F-2E860DF328D9}.Debug|Any CPU.ActiveCfg = Debug|Any CPU
		{3FE45928-EE6A-4CEC-952F-2E860DF328D9}.Debug|Any CPU.Build.0 = Debug|Any CPU
		{3FE45928-EE6A-4CEC-952F-2E860DF328D9}.Debug|Any CPU.Deploy.0 = Debug|Any CPU
		{3FE45928-EE6A-4CEC-952F-2E860DF328D9}.Release|Any CPU.ActiveCfg = Release|Any CPU
		{3FE45928-EE6A-4CEC-952F-2E860DF328D9}.Release|Any CPU.Build.0 = Release|Any CPU
		{3FE45928-EE6A-4CEC-952F-2E860DF328D9}.Release|Any CPU.Deploy.0 = Release|Any CPU
	EndGlobalSection
	GlobalSection(SolutionProperties) = preSolution
		HideSolutionNode = FALSE
	EndGlobalSection
	GlobalSection(ExtensibilityGlobals) = postSolution
		SolutionGuid = {3D45DC12-C6CB-4F5D-A5C5-E839B3255F89}
	EndGlobalSection
EndGlobal
